# This file is automatically @generated by Cargo.
# It is not intended for manual editing.
version = 3

[[package]]
name = "bincode"
version = "0.1.0"
dependencies = [
 "bincode 2.0.0-beta.0",
 "byteorder",
]

[[package]]
name = "bincode"
version = "2.0.0-beta.0"
source = "git+https://github.com/bincode-org/bincode#a14ea97f38ecb81da6105ff908a3fac3be3eec40"
dependencies = [
 "bincode_derive",
]

[[package]]
name = "bincode_derive"
version = "2.0.0-beta.0"
source = "git+https://github.com/bincode-org/bincode#a14ea97f38ecb81da6105ff908a3fac3be3eec40"
dependencies = [
 "virtue",
]

[[package]]
name = "byteorder"
version = "1.4.3"
source = "registry+https://github.com/rust-lang/crates.io-index"
checksum = "14c189c53d098945499cdfa7ecc63567cf3886b3332b312a5b4585d8d3a6a610"

[[package]]
name = "virtue"
version = "0.0.4"
source = "registry+https://github.com/rust-lang/crates.io-index"
checksum = "f0e85ed1066abcc0ea331cce3ce83cccf30ae9900529ca46f353b22ca79b56b8"
